{
	"name": "hitchy-plugin-odem-rest",
	"version": "0.0.4",
	"lockfileVersion": 1,
	"requires": true,
	"dependencies": {
		"debug": {
			"version": "3.1.0",
			"resolved": "https://registry.npmjs.org/debug/-/debug-3.1.0.tgz",
			"integrity": "sha512-OX8XqP7/1a9cqkxYw2yXss15f26NKWBpDXQd0/uK/KPqdQhxbPa994hnzjcE2VqQpDslf55723cKPUOGSmMY3g==",
			"requires": {
				"ms": "2.0.0"
			}
		},
		"file-essentials": {
			"version": "0.0.12",
			"resolved": "https://registry.npmjs.org/file-essentials/-/file-essentials-0.0.12.tgz",
			"integrity": "sha1-HAdS7yhVXXk7Mc+C950884i2Hy4="
		},
		"hitchy-odem": {
			"version": "0.0.3",
			"resolved": "https://registry.npmjs.org/hitchy-odem/-/hitchy-odem-0.0.3.tgz",
			"integrity": "sha1-zek9gjP34FSzntrfiJYKzwcQSg8=",
			"requires": {
				"file-essentials": "0.0.12",
				"object-monitor": "0.0.4",
				"promise-essentials": "0.0.8"
			}
		},
		"ms": {
			"version": "2.0.0",
			"resolved": "https://registry.npmjs.org/ms/-/ms-2.0.0.tgz",
			"integrity": "sha1-VgiurfwAvmwpAd9fmGF4jeDVl8g="
		},
		"object-monitor": {
			"version": "0.0.4",
			"resolved": "https://registry.npmjs.org/object-monitor/-/object-monitor-0.0.4.tgz",
			"integrity": "sha1-pTZ/HX2scRim0P9hwtmekO5I6wc="
		},
		"promise-essentials": {
			"version": "0.0.8",
			"resolved": "https://registry.npmjs.org/promise-essentials/-/promise-essentials-0.0.8.tgz",
			"integrity": "sha1-+5wP/fOTJKISbwHQObcvVU0sFLk="
		}
	}
}
